
Microsoft Visual Studio Solution File, Format Version 12.00
# Visual Studio 15
VisualStudioVersion = 15.0.28307.852
MinimumVisualStudioVersion = 10.0.40219.1
Project("{8BC9CEB8-8B4A-11D0-8D11-00A0C91BC942}") = "CubeSat-ADCS", "CubeSat-ADCS.vcxproj", "{C2F116EB-8860-4531-A4D4-6CD45790CEF0}"
EndProject
Global
	GlobalSection(SolutionConfigurationPlatforms) = preSolution
		Debug|x64 = Debug|x64
		Debug|x86 = Debug|x86
		Release|x64 = Release|x64
		Release|x86 = Release|x86
	EndGlobalSection
	GlobalSection(ProjectConfigurationPlatforms) = postSolution
		{C2F116EB-8860-4531-A4D4-6CD45790CEF0}.Debug|x64.ActiveCfg = Debug|x64
		{C2F116EB-8860-4531-A4D4-6CD45790CEF0}.Debug|x64.Build.0 = Debug|x64
		{C2F116EB-8860-4531-A4D4-6CD45790CEF0}.Debug|x86.ActiveCfg = Debug|Win32
		{C2F116EB-8860-4531-A4D4-6CD45790CEF0}.Debug|x86.Build.0 = Debug|Win32
		{C2F116EB-8860-4531-A4D4-6CD45790CEF0}.Release|x64.ActiveCfg = Release|x64
		{C2F116EB-8860-4531-A4D4-6CD45790CEF0}.Release|x64.Build.0 = Release|x64
		{C2F116EB-8860-4531-A4D4-6CD45790CEF0}.Release|x86.ActiveCfg = Release|Win32
		{C2F116EB-8860-4531-A4D4-6CD45790CEF0}.Release|x86.Build.0 = Release|Win32
	EndGlobalSection
	GlobalSection(SolutionProperties) = preSolution
		HideSolutionNode = FALSE
	EndGlobalSection
	GlobalSection(ExtensibilityGlobals) = postSolution
		SolutionGuid = {E036F149-654B-4DA4-A9A9-35BF4F69CE6A}
	EndGlobalSection
EndGlobal
